{
  "name": "machine-state",
  "version": "0.8.0",
  "lockfileVersion": 2,
  "requires": true,
  "packages": {
    "": {
      "name": "machine-state",
      "version": "0.8.0",
      "license": "MIT",
      "dependencies": {
        "@types/node": "^16.6.0",
        "check-disk-space": "3.3.0",
        "child_process": "1.0.2",
        "co": "4.6.0",
        "pidusage": "2.0.21"
      },
      "devDependencies": {
        "typescript": "^4.5.5"
      }
    },
    "node_modules/@types/node": {
      "version": "16.11.27",
      "resolved": "https://registry.npmjs.org/@types/node/-/node-16.11.27.tgz",
      "integrity": "sha512-C1pD3kgLoZ56Uuy5lhfOxie4aZlA3UMGLX9rXteq4WitEZH6Rl80mwactt9QG0w0gLFlN/kLBTFnGXtDVWvWQw=="
    },
    "node_modules/check-disk-space": {
      "version": "3.3.0",
      "resolved": "https://registry.npmjs.org/check-disk-space/-/check-disk-space-3.3.0.tgz",
      "integrity": "sha512-Hvr+Nr01xSSvuCpXvJ8oZ2iXjIu4XT3uHbw3g7F/Uiw6O5xk8c/Ot7ZGFDaTRDf2Bz8AdWA4DvpAgCJVKt8arw==",
      "engines": {
        "node": ">=12"
      }
    },
    "node_modules/child_process": {
      "version": "1.0.2",
      "resolved": "https://registry.npmjs.org/child_process/-/child_process-1.0.2.tgz",
      "integrity": "sha1-sffn/HPSXn/R1FWtyU4UODAYK1o="
    },
    "node_modules/co": {
      "version": "4.6.0",
      "resolved": "https://registry.npmjs.org/co/-/co-4.6.0.tgz",
      "integrity": "sha1-bqa989hTrlTMuOR7+gvz+QMfsYQ=",
      "engines": {
        "iojs": ">= 1.0.0",
        "node": ">= 0.12.0"
      }
    },
    "node_modules/pidusage": {
      "version": "2.0.21",
      "resolved": "https://registry.npmjs.org/pidusage/-/pidusage-2.0.21.tgz",
      "integrity": "sha512-cv3xAQos+pugVX+BfXpHsbyz/dLzX+lr44zNMsYiGxUw+kV5sgQCIcLd1z+0vq+KyC7dJ+/ts2PsfgWfSC3WXA==",
      "dependencies": {
        "safe-buffer": "^5.2.1"
      },
      "engines": {
        "node": ">=8"
      }
    },
    "node_modules/safe-buffer": {
      "version": "5.2.1",
      "resolved": "https://registry.npmjs.org/safe-buffer/-/safe-buffer-5.2.1.tgz",
      "integrity": "sha512-rp3So07KcdmmKbGvgaNxQSJr7bGVSVk5S9Eq1F+ppbRo70+YeaDxkw5Dd8NPN+GD6bjnYm2VuPuCXmpuYvmCXQ==",
      "funding": [
        {
          "type": "github",
          "url": "https://github.com/sponsors/feross"
        },
        {
          "type": "patreon",
          "url": "https://www.patreon.com/feross"
        },
        {
          "type": "consulting",
          "url": "https://feross.org/support"
        }
      ]
    },
    "node_modules/typescript": {
      "version": "4.6.3",
      "resolved": "https://registry.npmjs.org/typescript/-/typescript-4.6.3.tgz",
      "integrity": "sha512-yNIatDa5iaofVozS/uQJEl3JRWLKKGJKh6Yaiv0GLGSuhpFJe7P3SbHZ8/yjAHRQwKRoA6YZqlfjXWmVzoVSMw==",
      "dev": true,
      "bin": {
        "tsc": "bin/tsc",
        "tsserver": "bin/tsserver"
      },
      "engines": {
        "node": ">=4.2.0"
      }
    }
  },
  "dependencies": {
    "@types/node": {
      "version": "16.11.27",
      "resolved": "https://registry.npmjs.org/@types/node/-/node-16.11.27.tgz",
      "integrity": "sha512-C1pD3kgLoZ56Uuy5lhfOxie4aZlA3UMGLX9rXteq4WitEZH6Rl80mwactt9QG0w0gLFlN/kLBTFnGXtDVWvWQw=="
    },
    "check-disk-space": {
      "version": "3.3.0",
      "resolved": "https://registry.npmjs.org/check-disk-space/-/check-disk-space-3.3.0.tgz",
      "integrity": "sha512-Hvr+Nr01xSSvuCpXvJ8oZ2iXjIu4XT3uHbw3g7F/Uiw6O5xk8c/Ot7ZGFDaTRDf2Bz8AdWA4DvpAgCJVKt8arw=="
    },
    "child_process": {
      "version": "1.0.2",
      "resolved": "https://registry.npmjs.org/child_process/-/child_process-1.0.2.tgz",
      "integrity": "sha1-sffn/HPSXn/R1FWtyU4UODAYK1o="
    },
    "co": {
      "version": "4.6.0",
      "resolved": "https://registry.npmjs.org/co/-/co-4.6.0.tgz",
      "integrity": "sha1-bqa989hTrlTMuOR7+gvz+QMfsYQ="
    },
    "pidusage": {
      "version": "2.0.21",
      "resolved": "https://registry.npmjs.org/pidusage/-/pidusage-2.0.21.tgz",
      "integrity": "sha512-cv3xAQos+pugVX+BfXpHsbyz/dLzX+lr44zNMsYiGxUw+kV5sgQCIcLd1z+0vq+KyC7dJ+/ts2PsfgWfSC3WXA==",
      "requires": {
        "safe-buffer": "^5.2.1"
      }
    },
    "safe-buffer": {
      "version": "5.2.1",
      "resolved": "https://registry.npmjs.org/safe-buffer/-/safe-buffer-5.2.1.tgz",
      "integrity": "sha512-rp3So07KcdmmKbGvgaNxQSJr7bGVSVk5S9Eq1F+ppbRo70+YeaDxkw5Dd8NPN+GD6bjnYm2VuPuCXmpuYvmCXQ=="
    },
    "typescript": {
      "version": "4.6.3",
      "resolved": "https://registry.npmjs.org/typescript/-/typescript-4.6.3.tgz",
      "integrity": "sha512-yNIatDa5iaofVozS/uQJEl3JRWLKKGJKh6Yaiv0GLGSuhpFJe7P3SbHZ8/yjAHRQwKRoA6YZqlfjXWmVzoVSMw==",
      "dev": true
    }
  }
}
